{
  "requires": true,
  "lockfileVersion": 1,
  "dependencies": {
    "aplayer": {
      "version": "1.10.1",
      "resolved": "https://registry.npmjs.org/aplayer/-/aplayer-1.10.1.tgz",
      "integrity": "sha512-HAfyxgCUTLAqtYlxzzK9Fyqg6y+kZ9CqT1WfeWE8FSzwspT6oBqWOZHANPHF3RGTtC33IsyEgrfthPDzU5r9kQ==",
      "requires": {
        "balloon-css": "^0.5.0",
        "promise-polyfill": "7.1.0",
        "smoothscroll": "0.4.0"
      }
    },
    "balloon-css": {
      "version": "0.5.2",
      "resolved": "https://registry.npmjs.org/balloon-css/-/balloon-css-0.5.2.tgz",
      "integrity": "sha512-zheJpzwyNrG4t39vusA67v3BYg1HTVXOF8cErPEHzWK88PEOFwgo6Ea9VHOgOWNMgeuOtFVtB73NE2NWl9uDyQ=="
    },
    "chart.js": {
      "version": "3.2.0",
      "resolved": "https://registry.npmjs.org/chart.js/-/chart.js-3.2.0.tgz",
      "integrity": "sha512-Ml3R47TvOPW6gQ6T8mg/uPvyOASPpPVVF6xb7ZyHkek1c6kJIT5ScT559afXoDf6uwtpDR2BpCommkA5KT8ODg=="
    },
    "delegate": {
      "version": "3.1.3",
      "resolved": "https://registry.npmjs.org/delegate/-/delegate-3.1.3.tgz",
      "integrity": "sha1-moJRp3fXAl+qVXN7w7BxdCEnqf0="
    },
    "opencollective-postinstall": {
      "version": "2.0.3",
      "resolved": "https://registry.npmjs.org/opencollective-postinstall/-/opencollective-postinstall-2.0.3.tgz",
      "integrity": "sha512-8AV/sCtuzUeTo8gQK5qDZzARrulB3egtLzFgteqB2tcT4Mw7B8Kt7JcDHmltjz6FOAHsvTevk70gZEbhM4ZS9Q=="
    },
    "promise-polyfill": {
      "version": "7.1.0",
      "resolved": "https://registry.npmjs.org/promise-polyfill/-/promise-polyfill-7.1.0.tgz",
      "integrity": "sha512-P6NJ2wU/8fac44ENORsuqT8TiolKGB2u0fEClPtXezn7w5cmLIjM/7mhPlTebke2EPr6tmqZbXvnX0TxwykGrg=="
    },
    "smoothscroll": {
      "version": "0.4.0",
      "resolved": "https://registry.npmjs.org/smoothscroll/-/smoothscroll-0.4.0.tgz",
      "integrity": "sha512-sggQ3U2Un38b3+q/j1P4Y4fCboCtoUIaBYoge+Lb6Xg1H8RTIif/hugVr+ErMtIDpvBbhQfTjtiTeYAfbw1ZGQ=="
    },
    "swup": {
      "version": "2.0.14",
      "resolved": "https://registry.npmjs.org/swup/-/swup-2.0.14.tgz",
      "integrity": "sha512-a+Ihye+rTOwyW7T/vJYwGEKy9kJwc4twwlBryoKZY6WNutQOdpWUKmCkJdvkrDNIqBAvIqpsGUW1NJvoxZxP8w==",
      "requires": {
        "delegate": "3.1.3",
        "opencollective-postinstall": "^2.0.2"
      }
    }
  }
}
